// !$*UTF8*$!
{
	archiveVersion = 1;
	classes = {
	};
	objectVersion = 46;
	objects = {

/* Begin PBXBuildFile section */
		469BF9D81F8C2403003D6E1D /* AppDelegate.swift in Sources */ = {isa = PBXBuildFile; fileRef = 469BF9D71F8C2403003D6E1D /* AppDelegate.swift */; };
		469BF9DA1F8C2403003D6E1D /* ViewController.swift in Sources */ = {isa = PBXBuildFile; fileRef = 469BF9D91F8C2403003D6E1D /* ViewController.swift */; };
		469BF9DD1F8C2403003D6E1D /* Main.storyboard in Resources */ = {isa = PBXBuildFile; fileRef = 469BF9DB1F8C2403003D6E1D /* Main.storyboard */; };
		469BF9DF1F8C2403003D6E1D /* Assets.xcassets in Resources */ = {isa = PBXBuildFile; fileRef = 469BF9DE1F8C2403003D6E1D /* Assets.xcassets */; };
		469BF9E21F8C2403003D6E1D /* LaunchScreen.storyboard in Resources */ = {isa = PBXBuildFile; fileRef = 469BF9E01F8C2403003D6E1D /* LaunchScreen.storyboard */; };
		469BF9ED1F8C2403003D6E1D /* upilTests.swift in Sources */ = {isa = PBXBuildFile; fileRef = 469BF9EC1F8C2403003D6E1D /* upilTests.swift */; };
		469BF9F81F8C2403003D6E1D /* upilUITests.swift in Sources */ = {isa = PBXBuildFile; fileRef = 469BF9F71F8C2403003D6E1D /* upilUITests.swift */; };
/* End PBXBuildFile section */

/* Begin PBXContainerItemProxy section */
		469BF9E91F8C2403003D6E1D /* PBXContainerItemProxy */ = {
			isa = PBXContainerItemProxy;
			containerPortal = 469BF9CC1F8C2403003D6E1D /* Project object */;
			proxyType = 1;
			remoteGlobalIDString = 469BF9D31F8C2403003D6E1D;
			remoteInfo = upil;
		};
		469BF9F41F8C2403003D6E1D /* PBXContainerItemProxy */ = {
			isa = PBXContainerItemProxy;
			containerPortal = 469BF9CC1F8C2403003D6E1D /* Project object */;
			proxyType = 1;
			remoteGlobalIDString = 469BF9D31F8C2403003D6E1D;
			remoteInfo = upil;
		};
/* End PBXContainerItemProxy section */

/* Begin PBXFileReference section */
		469BF9D41F8C2403003D6E1D /* upil.app */ = {isa = PBXFileReference; explicitFileType = wrapper.application; includeInIndex = 0; path = upil.app; sourceTree = BUILT_PRODUCTS_DIR; };
		469BF9D71F8C2403003D6E1D /* AppDelegate.swift */ = {isa = PBXFileReference; lastKnownFileType = sourcecode.swift; path = AppDelegate.swift; sourceTree = "<group>"; };
		469BF9D91F8C2403003D6E1D /* ViewController.swift */ = {isa = PBXFileReference; lastKnownFileType = sourcecode.swift; path = ViewController.swift; sourceTree = "<group>"; };
		469BF9DC1F8C2403003D6E1D /* Base */ = {isa = PBXFileReference; lastKnownFileType = file.storyboard; name = Base; path = Base.lproj/Main.storyboard; sourceTree = "<group>"; };
		469BF9DE1F8C2403003D6E1D /* Assets.xcassets */ = {isa = PBXFileReference; lastKnownFileType = folder.assetcatalog; path = Assets.xcassets; sourceTree = "<group>"; };
		469BF9E11F8C2403003D6E1D /* Base */ = {isa = PBXFileReference; lastKnownFileType = file.storyboard; name = Base; path = Base.lproj/LaunchScreen.storyboard; sourceTree = "<group>"; };
		469BF9E31F8C2403003D6E1D /* Info.plist */ = {isa = PBXFileReference; lastKnownFileType = text.plist.xml; path = Info.plist; sourceTree = "<group>"; };
		469BF9E81F8C2403003D6E1D /* upilTests.xctest */ = {isa = PBXFileReference; explicitFileType = wrapper.cfbundle; includeInIndex = 0; path = upilTests.xctest; sourceTree = BUILT_PRODUCTS_DIR; };
		469BF9EC1F8C2403003D6E1D /* upilTests.swift */ = {isa = PBXFileReference; lastKnownFileType = sourcecode.swift; path = upilTests.swift; sourceTree = "<group>"; };
		469BF9EE1F8C2403003D6E1D /* Info.plist */ = {isa = PBXFileReference; lastKnownFileType = text.plist.xml; path = Info.plist; sourceTree = "<group>"; };
		469BF9F31F8C2403003D6E1D /* upilUITests.xctest */ = {isa = PBXFileReference; explicitFileType = wrapper.cfbundle; includeInIndex = 0; path = upilUITests.xctest; sourceTree = BUILT_PRODUCTS_DIR; };
		469BF9F71F8C2403003D6E1D /* upilUITests.swift */ = {isa = PBXFileReference; lastKnownFileType = sourcecode.swift; path = upilUITests.swift; sourceTree = "<group>"; };
		469BF9F91F8C2403003D6E1D /* Info.plist */ = {isa = PBXFileReference; lastKnownFileType = text.plist.xml; path = Info.plist; sourceTree = "<group>"; };
/* End PBXFileReference section */

/* Begin PBXFrameworksBuildPhase section */
		469BF9D11F8C2403003D6E1D /* Frameworks */ = {
			isa = PBXFrameworksBuildPhase;
			buildActionMask = 2147483647;
			files = (
			);
			runOnlyForDeploymentPostprocessing = 0;
		};
		469BF9E51F8C2403003D6E1D /* Frameworks */ = {
			isa = PBXFrameworksBuildPhase;
			buildActionMask = 2147483647;
			files = (
			);
			runOnlyForDeploymentPostprocessing = 0;
		};
		469BF9F01F8C2403003D6E1D /* Frameworks */ = {
			isa = PBXFrameworksBuildPhase;
			buildActionMask = 2147483647;
			files = (
			);
			runOnlyForDeploymentPostprocessing = 0;
		};
/* End PBXFrameworksBuildPhase section */

/* Begin PBXGroup section */
		469BF9CB1F8C2403003D6E1D = {
			isa = PBXGroup;
			children = (
				469BF9D61F8C2403003D6E1D /* upil */,
				469BF9EB1F8C2403003D6E1D /* upilTests */,
				469BF9F61F8C2403003D6E1D /* upilUITests */,
				469BF9D51F8C2403003D6E1D /* Products */,
			);
			sourceTree = "<group>";
		};
		469BF9D51F8C2403003D6E1D /* Products */ = {
			isa = PBXGroup;
			children = (
				469BF9D41F8C2403003D6E1D /* upil.app */,
				469BF9E81F8C2403003D6E1D /* upilTests.xctest */,
				469BF9F31F8C2403003D6E1D /* upilUITests.xctest */,
			);
			name = Products;
			sourceTree = "<group>";
		};
		469BF9D61F8C2403003D6E1D /* upil */ = {
			isa = PBXGroup;
			children = (
				469BF9D71F8C2403003D6E1D /* AppDelegate.swift */,
				469BF9D91F8C2403003D6E1D /* ViewController.swift */,
				469BF9DB1F8C2403003D6E1D /* Main.storyboard */,
				469BF9DE1F8C2403003D6E1D /* Assets.xcassets */,
				469BF9E01F8C2403003D6E1D /* LaunchScreen.storyboard */,
				469BF9E31F8C2403003D6E1D /* Info.plist */,
			);
			path = upil;
			sourceTree = "<group>";
		};
		469BF9EB1F8C2403003D6E1D /* upilTests */ = {
			isa = PBXGroup;
			children = (
				469BF9EC1F8C2403003D6E1D /* upilTests.swift */,
				469BF9EE1F8C2403003D6E1D /* Info.plist */,
			);
			path = upilTests;
			sourceTree = "<group>";
		};
		469BF9F61F8C2403003D6E1D /* upilUITests */ = {
			isa = PBXGroup;
			children = (
				469BF9F71F8C2403003D6E1D /* upilUITests.swift */,
				469BF9F91F8C2403003D6E1D /* Info.plist */,
			);
			path = upilUITests;
			sourceTree = "<group>";
		};
/* End PBXGroup section */

/* Begin PBXNativeTarget section */
		469BF9D31F8C2403003D6E1D /* upil */ = {
			isa = PBXNativeTarget;
			buildConfigurationList = 469BF9FC1F8C2403003D6E1D /* Build configuration list for PBXNativeTarget "upil" */;
			buildPhases = (
				469BF9D01F8C2403003D6E1D /* Sources */,
				469BF9D11F8C2403003D6E1D /* Frameworks */,
				469BF9D21F8C2403003D6E1D /* Resources */,
			);
			buildRules = (
			);
			dependencies = (
			);
			name = upil;
			productName = upil;
			productReference = 469BF9D41F8C2403003D6E1D /* upil.app */;
			productType = "com.apple.product-type.application";
		};
		469BF9E71F8C2403003D6E1D /* upilTests */ = {
			isa = PBXNativeTarget;
			buildConfigurationList = 469BF9FF1F8C2403003D6E1D /* Build configuration list for PBXNativeTarget "upilTests" */;
			buildPhases = (
				469BF9E41F8C2403003D6E1D /* Sources */,
				469BF9E51F8C2403003D6E1D /* Frameworks */,
				469BF9E61F8C2403003D6E1D /* Resources */,
			);
			buildRules = (
			);
			dependencies = (
				469BF9EA1F8C2403003D6E1D /* PBXTargetDependency */,
			);
			name = upilTests;
			productName = upilTests;
			productReference = 469BF9E81F8C2403003D6E1D /* upilTests.xctest */;
			productType = "com.apple.product-type.bundle.unit-test";
		};
		469BF9F21F8C2403003D6E1D /* upilUITests */ = {
			isa = PBXNativeTarget;
			buildConfigurationList = 469BFA021F8C2403003D6E1D /* Build configuration list for PBXNativeTarget "upilUITests" */;
			buildPhases = (
				469BF9EF1F8C2403003D6E1D /* Sources */,
				469BF9F01F8C2403003D6E1D /* Frameworks */,
				469BF9F11F8C2403003D6E1D /* Resources */,
			);
			buildRules = (
			);
			dependencies = (
				469BF9F51F8C2403003D6E1D /* PBXTargetDependency */,
			);
			name = upilUITests;
			productName = upilUITests;
			productReference = 469BF9F31F8C2403003D6E1D /* upilUITests.xctest */;
			productType = "com.apple.product-type.bundle.ui-testing";
		};
/* End PBXNativeTarget section */

/* Begin PBXProject section */
		469BF9CC1F8C2403003D6E1D /* Project object */ = {
			isa = PBXProject;
			attributes = {
				LastSwiftUpdateCheck = 0830;
				LastUpgradeCheck = 0830;
				ORGANIZATIONNAME = Luthfialy;
				TargetAttributes = {
					469BF9D31F8C2403003D6E1D = {
						CreatedOnToolsVersion = 8.3.3;
						ProvisioningStyle = Automatic;
					};
					469BF9E71F8C2403003D6E1D = {
						CreatedOnToolsVersion = 8.3.3;
						ProvisioningStyle = Automatic;
						TestTargetID = 469BF9D31F8C2403003D6E1D;
					};
					469BF9F21F8C2403003D6E1D = {
						CreatedOnToolsVersion = 8.3.3;
						ProvisioningStyle = Automatic;
						TestTargetID = 469BF9D31F8C2403003D6E1D;
					};
				};
			};
			buildConfigurationList = 469BF9CF1F8C2403003D6E1D /* Build configuration list for PBXProject "upil" */;
			compatibilityVersion = "Xcode 3.2";
			developmentRegion = English;
			hasScannedForEncodings = 0;
			knownRegions = (
				en,
				Base,
			);
			mainGroup = 469BF9CB1F8C2403003D6E1D;
			productRefGroup = 469BF9D51F8C2403003D6E1D /* Products */;
			projectDirPath = "";
			projectRoot = "";
			targets = (
				469BF9D31F8C2403003D6E1D /* upil */,
				469BF9E71F8C2403003D6E1D /* upilTests */,
				469BF9F21F8C2403003D6E1D /* upilUITests */,
			);
		};
/* End PBXProject section */

/* Begin PBXResourcesBuildPhase section */
		469BF9D21F8C2403003D6E1D /* Resources */ = {
			isa = PBXResourcesBuildPhase;
			buildActionMask = 2147483647;
			files = (
				469BF9E21F8C2403003D6E1D /* LaunchScreen.storyboard in Resources */,
				469BF9DF1F8C2403003D6E1D /* Assets.xcassets in Resources */,
				469BF9DD1F8C2403003D6E1D /* Main.storyboard in Resources */,
			);
			runOnlyForDeploymentPostprocessing = 0;
		};
		469BF9E61F8C2403003D6E1D /* Resources */ = {
			isa = PBXResourcesBuildPhase;
			buildActionMask = 2147483647;
			files = (
			);
			runOnlyForDeploymentPostprocessing = 0;
		};
		469BF9F11F8C2403003D6E1D /* Resources */ = {
			isa = PBXResourcesBuildPhase;
			buildActionMask = 2147483647;
			files = (
			);
			runOnlyForDeploymentPostprocessing = 0;
		};
/* End PBXResourcesBuildPhase section */

/* Begin PBXSourcesBuildPhase section */
		469BF9D01F8C2403003D6E1D /* Sources */ = {
			isa = PBXSourcesBuildPhase;
			buildActionMask = 2147483647;
			files = (
				469BF9DA1F8C2403003D6E1D /* ViewController.swift in Sources */,
				469BF9D81F8C2403003D6E1D /* AppDelegate.swift in Sources */,
			);
			runOnlyForDeploymentPostprocessing = 0;
		};
		469BF9E41F8C2403003D6E1D /* Sources */ = {
			isa = PBXSourcesBuildPhase;
			buildActionMask = 2147483647;
			files = (
				469BF9ED1F8C2403003D6E1D /* upilTests.swift in Sources */,
			);
			runOnlyForDeploymentPostprocessing = 0;
		};
		469BF9EF1F8C2403003D6E1D /* Sources */ = {
			isa = PBXSourcesBuildPhase;
			buildActionMask = 2147483647;
			files = (
				469BF9F81F8C2403003D6E1D /* upilUITests.swift in Sources */,
			);
			runOnlyForDeploymentPostprocessing = 0;
		};
/* End PBXSourcesBuildPhase section */

/* Begin PBXTargetDependency section */
		469BF9EA1F8C2403003D6E1D /* PBXTargetDependency */ = {
			isa = PBXTargetDependency;
			target = 469BF9D31F8C2403003D6E1D /* upil */;
			targetProxy = 469BF9E91F8C2403003D6E1D /* PBXContainerItemProxy */;
		};
		469BF9F51F8C2403003D6E1D /* PBXTargetDependency */ = {
			isa = PBXTargetDependency;
			target = 469BF9D31F8C2403003D6E1D /* upil */;
			targetProxy = 469BF9F41F8C2403003D6E1D /* PBXContainerItemProxy */;
		};
/* End PBXTargetDependency section */

/* Begin PBXVariantGroup section */
		469BF9DB1F8C2403003D6E1D /* Main.storyboard */ = {
			isa = PBXVariantGroup;
			children = (
				469BF9DC1F8C2403003D6E1D /* Base */,
			);
			name = Main.storyboard;
			sourceTree = "<group>";
		};
		469BF9E01F8C2403003D6E1D /* LaunchScreen.storyboard */ = {
			isa = PBXVariantGroup;
			children = (
				469BF9E11F8C2403003D6E1D /* Base */,
			);
			name = LaunchScreen.storyboard;
			sourceTree = "<group>";
		};
/* End PBXVariantGroup section */

/* Begin XCBuildConfiguration section */
		469BF9FA1F8C2403003D6E1D /* Debug */ = {
			isa = XCBuildConfiguration;
			buildSettings = {
				ALWAYS_SEARCH_USER_PATHS = NO;
				CLANG_ANALYZER_NONNULL = YES;
				CLANG_ANALYZER_NUMBER_OBJECT_CONVERSION = YES_AGGRESSIVE;
				CLANG_CXX_LANGUAGE_STANDARD = "gnu++0x";
				CLANG_CXX_LIBRARY = "libc++";
				CLANG_ENABLE_MODULES = YES;
				CLANG_ENABLE_OBJC_ARC = YES;
				CLANG_WARN_BOOL_CONVERSION = YES;
				CLANG_WARN_CONSTANT_CONVERSION = YES;
				CLANG_WARN_DIRECT_OBJC_ISA_USAGE = YES_ERROR;
				CLANG_WARN_DOCUMENTATION_COMMENTS = YES;
				CLANG_WARN_EMPTY_BODY = YES;
				CLANG_WARN_ENUM_CONVERSION = YES;
				CLANG_WARN_INFINITE_RECURSION = YES;
				CLANG_WARN_INT_CONVERSION = YES;
				CLANG_WARN_OBJC_ROOT_CLASS = YES_ERROR;
				CLANG_WARN_SUSPICIOUS_MOVE = YES;
				CLANG_WARN_UNREACHABLE_CODE = YES;
				CLANG_WARN__DUPLICATE_METHOD_MATCH = YES;
				"CODE_SIGN_IDENTITY[sdk=iphoneos*]" = "iPhone Developer";
				COPY_PHASE_STRIP = NO;
				DEBUG_INFORMATION_FORMAT = dwarf;
				ENABLE_STRICT_OBJC_MSGSEND = YES;
				ENABLE_TESTABILITY = YES;
				GCC_C_LANGUAGE_STANDARD = gnu99;
				GCC_DYNAMIC_NO_PIC = NO;
				GCC_NO_COMMON_BLOCKS = YES;
				GCC_OPTIMIZATION_LEVEL = 0;
				GCC_PREPROCESSOR_DEFINITIONS = (
					"DEBUG=1",
					"$(inherited)",
				);
				GCC_WARN_64_TO_32_BIT_CONVERSION = YES;
				GCC_WARN_ABOUT_RETURN_TYPE = YES_ERROR;
				GCC_WARN_UNDECLARED_SELECTOR = YES;
				GCC_WARN_UNINITIALIZED_AUTOS = YES_AGGRESSIVE;
				GCC_WARN_UNUSED_FUNCTION = YES;
				GCC_WARN_UNUSED_VARIABLE = YES;
				IPHONEOS_DEPLOYMENT_TARGET = 10.3;
				MTL_ENABLE_DEBUG_INFO = YES;
				ONLY_ACTIVE_ARCH = YES;
				SDKROOT = iphoneos;
				SWIFT_ACTIVE_COMPILATION_CONDITIONS = DEBUG;
				SWIFT_OPTIMIZATION_LEVEL = "-Onone";
			};
			name = Debug;
		};
		469BF9FB1F8C2403003D6E1D /* Release */ = {
			isa = XCBuildConfiguration;
			buildSettings = {
				ALWAYS_SEARCH_USER_PATHS = NO;
				CLANG_ANALYZER_NONNULL = YES;
				CLANG_ANALYZER_NUMBER_OBJECT_CONVERSION = YES_AGGRESSIVE;
				CLANG_CXX_LANGUAGE_STANDARD = "gnu++0x";
				CLANG_CXX_LIBRARY = "libc++";
				CLANG_ENABLE_MODULES = YES;
				CLANG_ENABLE_OBJC_ARC = YES;
				CLANG_WARN_BOOL_CONVERSION = YES;
				CLANG_WARN_CONSTANT_CONVERSION = YES;
				CLANG_WARN_DIRECT_OBJC_ISA_USAGE = YES_ERROR;
				CLANG_WARN_DOCUMENTATION_COMMENTS = YES;
				CLANG_WARN_EMPTY_BODY = YES;
				CLANG_WARN_ENUM_CONVERSION = YES;
				CLANG_WARN_INFINITE_RECURSION = YES;
				CLANG_WARN_INT_CONVERSION = YES;
				CLANG_WARN_OBJC_ROOT_CLASS = YES_ERROR;
				CLANG_WARN_SUSPICIOUS_MOVE = YES;
				CLANG_WARN_UNREACHABLE_CODE = YES;
				CLANG_WARN__DUPLICATE_METHOD_MATCH = YES;
				"CODE_SIGN_IDENTITY[sdk=iphoneos*]" = "iPhone Developer";
				COPY_PHASE_STRIP = NO;
				DEBUG_INFORMATION_FORMAT = "dwarf-with-dsym";
				ENABLE_NS_ASSERTIONS = NO;
				ENABLE_STRICT_OBJC_MSGSEND = YES;
				GCC_C_LANGUAGE_STANDARD = gnu99;
				GCC_NO_COMMON_BLOCKS = YES;
				GCC_WARN_64_TO_32_BIT_CONVERSION = YES;
				GCC_WARN_ABOUT_RETURN_TYPE = YES_ERROR;
				GCC_WARN_UNDECLARED_SELECTOR = YES;
				GCC_WARN_UNINITIALIZED_AUTOS = YES_AGGRESSIVE;
				GCC_WARN_UNUSED_FUNCTION = YES;
				GCC_WARN_UNUSED_VARIABLE = YES;
				IPHONEOS_DEPLOYMENT_TARGET = 10.3;
				MTL_ENABLE_DEBUG_INFO = NO;
				SDKROOT = iphoneos;
				SWIFT_OPTIMIZATION_LEVEL = "-Owholemodule";
				VALIDATE_PRODUCT = YES;
			};
			name = Release;
		};
		469BF9FD1F8C2403003D6E1D /* Debug */ = {
			isa = XCBuildConfiguration;
			buildSettings = {
				ASSETCATALOG_COMPILER_APPICON_NAME = AppIcon;
				INFOPLIST_FILE = upil/Info.plist;
				LD_RUNPATH_SEARCH_PATHS = "$(inherited) @executable_path/Frameworks";
				PRODUCT_BUNDLE_IDENTIFIER = com.Luthfialy.upil;
				PRODUCT_NAME = "$(TARGET_NAME)";
				SWIFT_VERSION = 3.0;
			};
			name = Debug;
		};
		469BF9FE1F8C2403003D6E1D /* Release */ = {
			isa = XCBuildConfiguration;
			buildSettings = {
				ASSETCATALOG_COMPILER_APPICON_NAME = AppIcon;
				INFOPLIST_FILE = upil/Info.plist;
				LD_RUNPATH_SEARCH_PATHS = "$(inherited) @executable_path/Frameworks";
				PRODUCT_BUNDLE_IDENTIFIER = com.Luthfialy.upil;
				PRODUCT_NAME = "$(TARGET_NAME)";
				SWIFT_VERSION = 3.0;
			};
			name = Release;
		};
		469BFA001F8C2403003D6E1D /* Debug */ = {
			isa = XCBuildConfiguration;
			buildSettings = {
				ALWAYS_EMBED_SWIFT_STANDARD_LIBRARIES = YES;
				BUNDLE_LOADER = "$(TEST_HOST)";
				INFOPLIST_FILE = upilTests/Info.plist;
				LD_RUNPATH_SEARCH_PATHS = "$(inherited) @executable_path/Frameworks @loader_path/Frameworks";
				PRODUCT_BUNDLE_IDENTIFIER = com.Luthfialy.upilTests;
				PRODUCT_NAME = "$(TARGET_NAME)";
				SWIFT_VERSION = 3.0;
				TEST_HOST = "$(BUILT_PRODUCTS_DIR)/upil.app/upil";
			};
			name = Debug;
		};
		469BFA011F8C2403003D6E1D /* Release */ = {
			isa = XCBuildConfiguration;
			buildSettings = {
				ALWAYS_EMBED_SWIFT_STANDARD_LIBRARIES = YES;
				BUNDLE_LOADER = "$(TEST_HOST)";
				INFOPLIST_FILE = upilTests/Info.plist;
				LD_RUNPATH_SEARCH_PATHS = "$(inherited) @executable_path/Frameworks @loader_path/Frameworks";
				PRODUCT_BUNDLE_IDENTIFIER = com.Luthfialy.upilTests;
				PRODUCT_NAME = "$(TARGET_NAME)";
				SWIFT_VERSION = 3.0;
				TEST_HOST = "$(BUILT_PRODUCTS_DIR)/upil.app/upil";
			};
			name = Release;
		};
		469BFA031F8C2403003D6E1D /* Debug */ = {
			isa = XCBuildConfiguration;
			buildSettings = {
				ALWAYS_EMBED_SWIFT_STANDARD_LIBRARIES = YES;
				INFOPLIST_FILE = upilUITests/Info.plist;
				LD_RUNPATH_SEARCH_PATHS = "$(inherited) @executable_path/Frameworks @loader_path/Frameworks";
				PRODUCT_BUNDLE_IDENTIFIER = com.Luthfialy.upilUITests;
				PRODUCT_NAME = "$(TARGET_NAME)";
				SWIFT_VERSION = 3.0;
				TEST_TARGET_NAME = upil;
			};
			name = Debug;
		};
		469BFA041F8C2403003D6E1D /* Release */ = {
			isa = XCBuildConfiguration;
			buildSettings = {
				ALWAYS_EMBED_SWIFT_STANDARD_LIBRARIES = YES;
				INFOPLIST_FILE = upilUITests/Info.plist;
				LD_RUNPATH_SEARCH_PATHS = "$(inherited) @executable_path/Frameworks @loader_path/Frameworks";
				PRODUCT_BUNDLE_IDENTIFIER = com.Luthfialy.upilUITests;
				PRODUCT_NAME = "$(TARGET_NAME)";
				SWIFT_VERSION = 3.0;
				TEST_TARGET_NAME = upil;
			};
			name = Release;
		};
/* End XCBuildConfiguration section */

/* Begin XCConfigurationList section */
		469BF9CF1F8C2403003D6E1D /* Build configuration list for PBXProject "upil" */ = {
			isa = XCConfigurationList;
			buildConfigurations = (
				469BF9FA1F8C2403003D6E1D /* Debug */,
				469BF9FB1F8C2403003D6E1D /* Release */,
			);
			defaultConfigurationIsVisible = 0;
			defaultConfigurationName = Release;
		};
		469BF9FC1F8C2403003D6E1D /* Build configuration list for PBXNativeTarget "upil" */ = {
			isa = XCConfigurationList;
			buildConfigurations = (
				469BF9FD1F8C2403003D6E1D /* Debug */,
				469BF9FE1F8C2403003D6E1D /* Release */,
			);
			defaultConfigurationIsVisible = 0;
		};
		469BF9FF1F8C2403003D6E1D /* Build configuration list for PBXNativeTarget "upilTests" */ = {
			isa = XCConfigurationList;
			buildConfigurations = (
				469BFA001F8C2403003D6E1D /* Debug */,
				469BFA011F8C2403003D6E1D /* Release */,
			);
			defaultConfigurationIsVisible = 0;
		};
		469BFA021F8C2403003D6E1D /* Build configuration list for PBXNativeTarget "upilUITests" */ = {
			isa = XCConfigurationList;
			buildConfigurations = (
				469BFA031F8C2403003D6E1D /* Debug */,
				469BFA041F8C2403003D6E1D /* Release */,
			);
			defaultConfigurationIsVisible = 0;
		};
/* End XCConfigurationList section */
	};
	rootObject = 469BF9CC1F8C2403003D6E1D /* Project object */;
}
